// !$*UTF8*$!
{
	archiveVersion = 1;
	classes = {
	};
	objectVersion = 50;
	objects = {

/* Begin PBXBuildFile section */
		316B16D3224D03CF0001A651 /* AppDelegate.swift in Sources */ = {isa = PBXBuildFile; fileRef = 316B16D2224D03CF0001A651 /* AppDelegate.swift */; };
		316B16D8224D03CF0001A651 /* Main.storyboard in Resources */ = {isa = PBXBuildFile; fileRef = 316B16D6224D03CF0001A651 /* Main.storyboard */; };
		316B16DA224D03D00001A651 /* Assets.xcassets in Resources */ = {isa = PBXBuildFile; fileRef = 316B16D9224D03D00001A651 /* Assets.xcassets */; };
		316B16DD224D03D00001A651 /* LaunchScreen.storyboard in Resources */ = {isa = PBXBuildFile; fileRef = 316B16DB224D03D00001A651 /* LaunchScreen.storyboard */; };
		316B16E5224D04560001A651 /* RoleTableViewController.swift in Sources */ = {isa = PBXBuildFile; fileRef = 316B16E4224D04560001A651 /* RoleTableViewController.swift */; };
		31A912ED224E066C00069923 /* RoleViewController.swift in Sources */ = {isa = PBXBuildFile; fileRef = 31A912EC224E066C00069923 /* RoleViewController.swift */; };
		31A912EF224E07D400069923 /* Role.swift in Sources */ = {isa = PBXBuildFile; fileRef = 31A912EE224E07D400069923 /* Role.swift */; };
/* End PBXBuildFile section */

/* Begin PBXFileReference section */
		316B16CF224D03CF0001A651 /* JamieRoleApp.app */ = {isa = PBXFileReference; explicitFileType = wrapper.application; includeInIndex = 0; path = JamieRoleApp.app; sourceTree = BUILT_PRODUCTS_DIR; };
		316B16D2224D03CF0001A651 /* AppDelegate.swift */ = {isa = PBXFileReference; lastKnownFileType = sourcecode.swift; path = AppDelegate.swift; sourceTree = "<group>"; };
		316B16D7224D03CF0001A651 /* Base */ = {isa = PBXFileReference; lastKnownFileType = file.storyboard; name = Base; path = Base.lproj/Main.storyboard; sourceTree = "<group>"; };
		316B16D9224D03D00001A651 /* Assets.xcassets */ = {isa = PBXFileReference; lastKnownFileType = folder.assetcatalog; path = Assets.xcassets; sourceTree = "<group>"; };
		316B16DC224D03D00001A651 /* Base */ = {isa = PBXFileReference; lastKnownFileType = file.storyboard; name = Base; path = Base.lproj/LaunchScreen.storyboard; sourceTree = "<group>"; };
		316B16DE224D03D00001A651 /* Info.plist */ = {isa = PBXFileReference; lastKnownFileType = text.plist.xml; path = Info.plist; sourceTree = "<group>"; };
		316B16E4224D04560001A651 /* RoleTableViewController.swift */ = {isa = PBXFileReference; lastKnownFileType = sourcecode.swift; path = RoleTableViewController.swift; sourceTree = "<group>"; };
		31A912EC224E066C00069923 /* RoleViewController.swift */ = {isa = PBXFileReference; lastKnownFileType = sourcecode.swift; path = RoleViewController.swift; sourceTree = "<group>"; };
		31A912EE224E07D400069923 /* Role.swift */ = {isa = PBXFileReference; lastKnownFileType = sourcecode.swift; path = Role.swift; sourceTree = "<group>"; };
/* End PBXFileReference section */

/* Begin PBXFrameworksBuildPhase section */
		316B16CC224D03CF0001A651 /* Frameworks */ = {
			isa = PBXFrameworksBuildPhase;
			buildActionMask = 2147483647;
			files = (
			);
			runOnlyForDeploymentPostprocessing = 0;
		};
/* End PBXFrameworksBuildPhase section */

/* Begin PBXGroup section */
		316B16C6224D03CE0001A651 = {
			isa = PBXGroup;
			children = (
				316B16D1224D03CF0001A651 /* JamieRoleApp */,
				316B16D0224D03CF0001A651 /* Products */,
			);
			sourceTree = "<group>";
		};
		316B16D0224D03CF0001A651 /* Products */ = {
			isa = PBXGroup;
			children = (
				316B16CF224D03CF0001A651 /* JamieRoleApp.app */,
			);
			name = Products;
			sourceTree = "<group>";
		};
		316B16D1224D03CF0001A651 /* JamieRoleApp */ = {
			isa = PBXGroup;
			children = (
				316B16D2224D03CF0001A651 /* AppDelegate.swift */,
				316B16D6224D03CF0001A651 /* Main.storyboard */,
				31A912EE224E07D400069923 /* Role.swift */,
				31A912EC224E066C00069923 /* RoleViewController.swift */,
				316B16E4224D04560001A651 /* RoleTableViewController.swift */,
				316B16D9224D03D00001A651 /* Assets.xcassets */,
				316B16DB224D03D00001A651 /* LaunchScreen.storyboard */,
				316B16DE224D03D00001A651 /* Info.plist */,
			);
			path = JamieRoleApp;
			sourceTree = "<group>";
		};
/* End PBXGroup section */

/* Begin PBXNativeTarget section */
		316B16CE224D03CF0001A651 /* JamieRoleApp */ = {
			isa = PBXNativeTarget;
			buildConfigurationList = 316B16E1224D03D00001A651 /* Build configuration list for PBXNativeTarget "JamieRoleApp" */;
			buildPhases = (
				316B16CB224D03CF0001A651 /* Sources */,
				316B16CC224D03CF0001A651 /* Frameworks */,
				316B16CD224D03CF0001A651 /* Resources */,
			);
			buildRules = (
			);
			dependencies = (
			);
			name = JamieRoleApp;
			productName = JamieRoleApp;
			productReference = 316B16CF224D03CF0001A651 /* JamieRoleApp.app */;
			productType = "com.apple.product-type.application";
		};
/* End PBXNativeTarget section */

/* Begin PBXProject section */
		316B16C7224D03CE0001A651 /* Project object */ = {
			isa = PBXProject;
			attributes = {
				LastSwiftUpdateCheck = 1010;
				LastUpgradeCheck = 1010;
				ORGANIZATIONNAME = stoller;
				TargetAttributes = {
					316B16CE224D03CF0001A651 = {
						CreatedOnToolsVersion = 10.1;
					};
				};
			};
			buildConfigurationList = 316B16CA224D03CE0001A651 /* Build configuration list for PBXProject "JamieRoleApp" */;
			compatibilityVersion = "Xcode 9.3";
			developmentRegion = en;
			hasScannedForEncodings = 0;
			knownRegions = (
				en,
				Base,
			);
			mainGroup = 316B16C6224D03CE0001A651;
			productRefGroup = 316B16D0224D03CF0001A651 /* Products */;
			projectDirPath = "";
			projectRoot = "";
			targets = (
				316B16CE224D03CF0001A651 /* JamieRoleApp */,
			);
		};
/* End PBXProject section */

/* Begin PBXResourcesBuildPhase section */
		316B16CD224D03CF0001A651 /* Resources */ = {
			isa = PBXResourcesBuildPhase;
			buildActionMask = 2147483647;
			files = (
				316B16DD224D03D00001A651 /* LaunchScreen.storyboard in Resources */,
				316B16DA224D03D00001A651 /* Assets.xcassets in Resources */,
				316B16D8224D03CF0001A651 /* Main.storyboard in Resources */,
			);
			runOnlyForDeploymentPostprocessing = 0;
		};
/* End PBXResourcesBuildPhase section */

/* Begin PBXSourcesBuildPhase section */
		316B16CB224D03CF0001A651 /* Sources */ = {
			isa = PBXSourcesBuildPhase;
			buildActionMask = 2147483647;
			files = (
				31A912ED224E066C00069923 /* RoleViewController.swift in Sources */,
				316B16D3224D03CF0001A651 /* AppDelegate.swift in Sources */,
				316B16E5224D04560001A651 /* RoleTableViewController.swift in Sources */,
				31A912EF224E07D400069923 /* Role.swift in Sources */,
			);
			runOnlyForDeploymentPostprocessing = 0;
		};
/* End PBXSourcesBuildPhase section */

/* Begin PBXVariantGroup section */
		316B16D6224D03CF0001A651 /* Main.storyboard */ = {
			isa = PBXVariantGroup;
			children = (
				316B16D7224D03CF0001A651 /* Base */,
			);
			name = Main.storyboard;
			sourceTree = "<group>";
		};
		316B16DB224D03D00001A651 /* LaunchScreen.storyboard */ = {
			isa = PBXVariantGroup;
			children = (
				316B16DC224D03D00001A651 /* Base */,
			);
			name = LaunchScreen.storyboard;
			sourceTree = "<group>";
		};
/* End PBXVariantGroup section */

/* Begin XCBuildConfiguration section */
		316B16DF224D03D00001A651 /* Debug */ = {
			isa = XCBuildConfiguration;
			buildSettings = {
				ALWAYS_SEARCH_USER_PATHS = NO;
				CLANG_ANALYZER_NONNULL = YES;
				CLANG_ANALYZER_NUMBER_OBJECT_CONVERSION = YES_AGGRESSIVE;
				CLANG_CXX_LANGUAGE_STANDARD = "gnu++14";
				CLANG_CXX_LIBRARY = "libc++";
				CLANG_ENABLE_MODULES = YES;
				CLANG_ENABLE_OBJC_ARC = YES;
				CLANG_ENABLE_OBJC_WEAK = YES;
				CLANG_WARN_BLOCK_CAPTURE_AUTORELEASING = YES;
				CLANG_WARN_BOOL_CONVERSION = YES;
				CLANG_WARN_COMMA = YES;
				CLANG_WARN_CONSTANT_CONVERSION = YES;
				CLANG_WARN_DEPRECATED_OBJC_IMPLEMENTATIONS = YES;
				CLANG_WARN_DIRECT_OBJC_ISA_USAGE = YES_ERROR;
				CLANG_WARN_DOCUMENTATION_COMMENTS = YES;
				CLANG_WARN_EMPTY_BODY = YES;
				CLANG_WARN_ENUM_CONVERSION = YES;
				CLANG_WARN_INFINITE_RECURSION = YES;
				CLANG_WARN_INT_CONVERSION = YES;
				CLANG_WARN_NON_LITERAL_NULL_CONVERSION = YES;
				CLANG_WARN_OBJC_IMPLICIT_RETAIN_SELF = YES;
				CLANG_WARN_OBJC_LITERAL_CONVERSION = YES;
				CLANG_WARN_OBJC_ROOT_CLASS = YES_ERROR;
				CLANG_WARN_RANGE_LOOP_ANALYSIS = YES;
				CLANG_WARN_STRICT_PROTOTYPES = YES;
				CLANG_WARN_SUSPICIOUS_MOVE = YES;
				CLANG_WARN_UNGUARDED_AVAILABILITY = YES_AGGRESSIVE;
				CLANG_WARN_UNREACHABLE_CODE = YES;
				CLANG_WARN__DUPLICATE_METHOD_MATCH = YES;
				CODE_SIGN_IDENTITY = "iPhone Developer";
				COPY_PHASE_STRIP = NO;
				DEBUG_INFORMATION_FORMAT = dwarf;
				ENABLE_STRICT_OBJC_MSGSEND = YES;
				ENABLE_TESTABILITY = YES;
				GCC_C_LANGUAGE_STANDARD = gnu11;
				GCC_DYNAMIC_NO_PIC = NO;
				GCC_NO_COMMON_BLOCKS = YES;
				GCC_OPTIMIZATION_LEVEL = 0;
				GCC_PREPROCESSOR_DEFINITIONS = (
					"DEBUG=1",
					"$(inherited)",
				);
				GCC_WARN_64_TO_32_BIT_CONVERSION = YES;
				GCC_WARN_ABOUT_RETURN_TYPE = YES_ERROR;
				GCC_WARN_UNDECLARED_SELECTOR = YES;
				GCC_WARN_UNINITIALIZED_AUTOS = YES_AGGRESSIVE;
				GCC_WARN_UNUSED_FUNCTION = YES;
				GCC_WARN_UNUSED_VARIABLE = YES;
				IPHONEOS_DEPLOYMENT_TARGET = 12.1;
				MTL_ENABLE_DEBUG_INFO = INCLUDE_SOURCE;
				MTL_FAST_MATH = YES;
				ONLY_ACTIVE_ARCH = YES;
				SDKROOT = iphoneos;
				SWIFT_ACTIVE_COMPILATION_CONDITIONS = DEBUG;
				SWIFT_OPTIMIZATION_LEVEL = "-Onone";
			};
			name = Debug;
		};
		316B16E0224D03D00001A651 /* Release */ = {
			isa = XCBuildConfiguration;
			buildSettings = {
				ALWAYS_SEARCH_USER_PATHS = NO;
				CLANG_ANALYZER_NONNULL = YES;
				CLANG_ANALYZER_NUMBER_OBJECT_CONVERSION = YES_AGGRESSIVE;
				CLANG_CXX_LANGUAGE_STANDARD = "gnu++14";
				CLANG_CXX_LIBRARY = "libc++";
				CLANG_ENABLE_MODULES = YES;
				CLANG_ENABLE_OBJC_ARC = YES;
				CLANG_ENABLE_OBJC_WEAK = YES;
				CLANG_WARN_BLOCK_CAPTURE_AUTORELEASING = YES;
				CLANG_WARN_BOOL_CONVERSION = YES;
				CLANG_WARN_COMMA = YES;
				CLANG_WARN_CONSTANT_CONVERSION = YES;
				CLANG_WARN_DEPRECATED_OBJC_IMPLEMENTATIONS = YES;
				CLANG_WARN_DIRECT_OBJC_ISA_USAGE = YES_ERROR;
				CLANG_WARN_DOCUMENTATION_COMMENTS = YES;
				CLANG_WARN_EMPTY_BODY = YES;
				CLANG_WARN_ENUM_CONVERSION = YES;
				CLANG_WARN_INFINITE_RECURSION = YES;
				CLANG_WARN_INT_CONVERSION = YES;
				CLANG_WARN_NON_LITERAL_NULL_CONVERSION = YES;
				CLANG_WARN_OBJC_IMPLICIT_RETAIN_SELF = YES;
				CLANG_WARN_OBJC_LITERAL_CONVERSION = YES;
				CLANG_WARN_OBJC_ROOT_CLASS = YES_ERROR;
				CLANG_WARN_RANGE_LOOP_ANALYSIS = YES;
				CLANG_WARN_STRICT_PROTOTYPES = YES;
				CLANG_WARN_SUSPICIOUS_MOVE = YES;
				CLANG_WARN_UNGUARDED_AVAILABILITY = YES_AGGRESSIVE;
				CLANG_WARN_UNREACHABLE_CODE = YES;
				CLANG_WARN__DUPLICATE_METHOD_MATCH = YES;
				CODE_SIGN_IDENTITY = "iPhone Developer";
				COPY_PHASE_STRIP = NO;
				DEBUG_INFORMATION_FORMAT = "dwarf-with-dsym";
				ENABLE_NS_ASSERTIONS = NO;
				ENABLE_STRICT_OBJC_MSGSEND = YES;
				GCC_C_LANGUAGE_STANDARD = gnu11;
				GCC_NO_COMMON_BLOCKS = YES;
				GCC_WARN_64_TO_32_BIT_CONVERSION = YES;
				GCC_WARN_ABOUT_RETURN_TYPE = YES_ERROR;
				GCC_WARN_UNDECLARED_SELECTOR = YES;
				GCC_WARN_UNINITIALIZED_AUTOS = YES_AGGRESSIVE;
				GCC_WARN_UNUSED_FUNCTION = YES;
				GCC_WARN_UNUSED_VARIABLE = YES;
				IPHONEOS_DEPLOYMENT_TARGET = 12.1;
				MTL_ENABLE_DEBUG_INFO = NO;
				MTL_FAST_MATH = YES;
				SDKROOT = iphoneos;
				SWIFT_COMPILATION_MODE = wholemodule;
				SWIFT_OPTIMIZATION_LEVEL = "-O";
				VALIDATE_PRODUCT = YES;
			};
			name = Release;
		};
		316B16E2224D03D00001A651 /* Debug */ = {
			isa = XCBuildConfiguration;
			buildSettings = {
				ASSETCATALOG_COMPILER_APPICON_NAME = AppIcon;
				CODE_SIGN_STYLE = Automatic;
				INFOPLIST_FILE = JamieRoleApp/Info.plist;
				LD_RUNPATH_SEARCH_PATHS = (
					"$(inherited)",
					"@executable_path/Frameworks",
				);
				PRODUCT_BUNDLE_IDENTIFIER = com.peter.JamieRoleApp;
				PRODUCT_NAME = "$(TARGET_NAME)";
				SWIFT_VERSION = 4.2;
				TARGETED_DEVICE_FAMILY = "1,2";
			};
			name = Debug;
		};
		316B16E3224D03D00001A651 /* Release */ = {
			isa = XCBuildConfiguration;
			buildSettings = {
				ASSETCATALOG_COMPILER_APPICON_NAME = AppIcon;
				CODE_SIGN_STYLE = Automatic;
				INFOPLIST_FILE = JamieRoleApp/Info.plist;
				LD_RUNPATH_SEARCH_PATHS = (
					"$(inherited)",
					"@executable_path/Frameworks",
				);
				PRODUCT_BUNDLE_IDENTIFIER = com.peter.JamieRoleApp;
				PRODUCT_NAME = "$(TARGET_NAME)";
				SWIFT_VERSION = 4.2;
				TARGETED_DEVICE_FAMILY = "1,2";
			};
			name = Release;
		};
/* End XCBuildConfiguration section */

/* Begin XCConfigurationList section */
		316B16CA224D03CE0001A651 /* Build configuration list for PBXProject "JamieRoleApp" */ = {
			isa = XCConfigurationList;
			buildConfigurations = (
				316B16DF224D03D00001A651 /* Debug */,
				316B16E0224D03D00001A651 /* Release */,
			);
			defaultConfigurationIsVisible = 0;
			defaultConfigurationName = Release;
		};
		316B16E1224D03D00001A651 /* Build configuration list for PBXNativeTarget "JamieRoleApp" */ = {
			isa = XCConfigurationList;
			buildConfigurations = (
				316B16E2224D03D00001A651 /* Debug */,
				316B16E3224D03D00001A651 /* Release */,
			);
			defaultConfigurationIsVisible = 0;
			defaultConfigurationName = Release;
		};
/* End XCConfigurationList section */
	};
	rootObject = 316B16C7224D03CE0001A651 /* Project object */;
}
